
Microsoft Visual Studio Solution File, Format Version 12.00
# Visual Studio 2012
Project("{FAE04EC0-301F-11D3-BF4B-00C04F79EFBC}") = "NP.AI.Mobile", "NP.AI.Mobile.csproj", "{4720D220-6264-4559-8813-B9F557E30182}"
EndProject
Global
	GlobalSection(SolutionConfigurationPlatforms) = preSolution
		Debug|Any CPU = Debug|Any CPU
		Release|Any CPU = Release|Any CPU
	EndGlobalSection
	GlobalSection(ProjectConfigurationPlatforms) = postSolution
		{4720D220-6264-4559-8813-B9F557E30182}.Debug|Any CPU.ActiveCfg = Debug|Any CPU
		{4720D220-6264-4559-8813-B9F557E30182}.Debug|Any CPU.Build.0 = Debug|Any CPU
		{4720D220-6264-4559-8813-B9F557E30182}.Release|Any CPU.ActiveCfg = Release|Any CPU
		{4720D220-6264-4559-8813-B9F557E30182}.Release|Any CPU.Build.0 = Release|Any CPU
	EndGlobalSection
EndGlobal
